<?xml version="1.0" encoding="utf-8"?>
<Project ToolsVersion="4.0" xmlns="http://schemas.microsoft.com/developer/msbuild/2003">
  <ItemGroup>
    <Filter Include="Source Files">
      <UniqueIdentifier>{4FC737F1-C7A5-4376-A066-2A32D752A2FF}</UniqueIdentifier>
      <Extensions>cpp;c;cc;cxx;c++;cppm;ixx;def;odl;idl;hpj;bat;asm;asmx</Extensions>
    </Filter>
    <Filter Include="Header Files">
      <UniqueIdentifier>{93995380-89BD-4b04-88EB-625FBE52EBFB}</UniqueIdentifier>
      <Extensions>h;hh;hpp;hxx;h++;hm;inl;inc;ipp;xsd</Extensions>
    </Filter>
    <Filter Include="Resource Files">
      <UniqueIdentifier>{67DA6AB6-F800-4c08-8B7A-83BB121AAD01}</UniqueIdentifier>
      <Extensions>rc;ico;cur;bmp;dlg;rc2;rct;bin;rgs;gif;jpg;jpeg;jpe;resx;tiff;tif;png;wav;mfcribbon-ms</Extensions>
    </Filter>
    <Filter Include="Header Files\Maths">
      <UniqueIdentifier>{8dbf64de-c120-4c65-948f-0deacfcb16df}</UniqueIdentifier>
    </Filter>
    <Filter Include="Header Files\Window">
      <UniqueIdentifier>{87fe78a6-3cdb-4225-bb77-aea3131f4629}</UniqueIdentifier>
    </Filter>
    <Filter Include="Header Files\Shaders">
      <UniqueIdentifier>{eb70403f-c959-42b9-bcdf-33714b422cbe}</UniqueIdentifier>
    </Filter>
    <Filter Include="Header Files\OpenGL">
      <UniqueIdentifier>{9cba06dc-54ae-4be4-8a6f-ac1ad675bf81}</UniqueIdentifier>
    </Filter>
    <Filter Include="Source Files\Math">
      <UniqueIdentifier>{b9b87c47-2275-4a8b-9445-4312950a6df2}</UniqueIdentifier>
    </Filter>
    <Filter Include="Source Files\OpenGL">
      <UniqueIdentifier>{61d5ac3c-e9c0-421f-81bd-d80d0671d795}</UniqueIdentifier>
    </Filter>
    <Filter Include="Source Files\Window">
      <UniqueIdentifier>{cbcf0d4c-089a-4f2c-83f5-7711318a5c12}</UniqueIdentifier>
    </Filter>
    <Filter Include="Header Files\Animation">
      <UniqueIdentifier>{b62b6192-be45-4b3d-aa77-5cb0db22942e}</UniqueIdentifier>
    </Filter>
    <Filter Include="Source Files\Animation">
      <UniqueIdentifier>{d7f5733a-1390-4ba9-a4cc-cd362471b2d4}</UniqueIdentifier>
    </Filter>
  </ItemGroup>
  <ItemGroup>
    <ClInclude Include="vec2.h">
      <Filter>Header Files\Maths</Filter>
    </ClInclude>
    <ClInclude Include="vec3.h">
      <Filter>Header Files\Maths</Filter>
    </ClInclude>
    <ClInclude Include="vec4.h">
      <Filter>Header Files\Maths</Filter>
    </ClInclude>
    <ClInclude Include="mat4.h">
      <Filter>Header Files\Maths</Filter>
    </ClInclude>
    <ClInclude Include="Quaternion.h">
      <Filter>Header Files\Maths</Filter>
    </ClInclude>
    <ClInclude Include="Transform.h">
      <Filter>Header Files\Maths</Filter>
    </ClInclude>
    <ClInclude Include="Application.h">
      <Filter>Header Files\Window</Filter>
    </ClInclude>
    <ClInclude Include="Attribute.h">
      <Filter>Header Files\OpenGL</Filter>
    </ClInclude>
    <ClInclude Include="Draw.h">
      <Filter>Header Files\OpenGL</Filter>
    </ClInclude>
    <ClInclude Include="IndexBuffer.h">
      <Filter>Header Files\OpenGL</Filter>
    </ClInclude>
    <ClInclude Include="Shader.h">
      <Filter>Header Files\OpenGL</Filter>
    </ClInclude>
    <ClInclude Include="stb_image.h">
      <Filter>Header Files\OpenGL</Filter>
    </ClInclude>
    <ClInclude Include="Texture.h">
      <Filter>Header Files\OpenGL</Filter>
    </ClInclude>
    <ClInclude Include="Uniform.h">
      <Filter>Header Files\OpenGL</Filter>
    </ClInclude>
    <ClInclude Include="Test.h">
      <Filter>Header Files</Filter>
    </ClInclude>
    <ClInclude Include="glad.h">
      <Filter>Header Files\Window</Filter>
    </ClInclude>
    <ClInclude Include="khrplatform.h">
      <Filter>Header Files\Window</Filter>
    </ClInclude>
    <ClInclude Include="Interpolation.h">
      <Filter>Header Files\Animation</Filter>
    </ClInclude>
    <ClInclude Include="Frame.h">
      <Filter>Header Files\Animation</Filter>
    </ClInclude>
    <ClInclude Include="Track.h">
      <Filter>Header Files\Animation</Filter>
    </ClInclude>
    <ClInclude Include="cgltf.h">
      <Filter>Header Files\Window</Filter>
    </ClInclude>
    <ClInclude Include="GLTFLoader.h">
      <Filter>Header Files\Window</Filter>
    </ClInclude>
    <ClInclude Include="TransformTrack.h">
      <Filter>Header Files\Animation</Filter>
    </ClInclude>
    <ClInclude Include="Pose.h">
      <Filter>Header Files\Animation</Filter>
    </ClInclude>
  </ItemGroup>
  <ItemGroup>
    <ClCompile Include="vec3.cpp">
      <Filter>Source Files\Math</Filter>
    </ClCompile>
    <ClCompile Include="Transform.cpp">
      <Filter>Source Files\Math</Filter>
    </ClCompile>
    <ClCompile Include="mat4.cpp">
      <Filter>Source Files\Math</Filter>
    </ClCompile>
    <ClCompile Include="Quaternion.cpp">
      <Filter>Source Files\Math</Filter>
    </ClCompile>
    <ClCompile Include="Attribute.cpp">
      <Filter>Source Files\OpenGL</Filter>
    </ClCompile>
    <ClCompile Include="Draw.cpp">
      <Filter>Source Files\OpenGL</Filter>
    </ClCompile>
    <ClCompile Include="IndexBuffer.cpp">
      <Filter>Source Files\OpenGL</Filter>
    </ClCompile>
    <ClCompile Include="Shader.cpp">
      <Filter>Source Files\OpenGL</Filter>
    </ClCompile>
    <ClCompile Include="std_image.cpp">
      <Filter>Source Files\OpenGL</Filter>
    </ClCompile>
    <ClCompile Include="Texture.cpp">
      <Filter>Source Files\OpenGL</Filter>
    </ClCompile>
    <ClCompile Include="Uniform.cpp">
      <Filter>Source Files\OpenGL</Filter>
    </ClCompile>
    <ClCompile Include="WinMain.cpp">
      <Filter>Source Files\Window</Filter>
    </ClCompile>
    <ClCompile Include="test.cpp">
      <Filter>Source Files</Filter>
    </ClCompile>
    <ClCompile Include="glad.c">
      <Filter>Source Files\Window</Filter>
    </ClCompile>
    <ClCompile Include="cgltf.c">
      <Filter>Source Files\Window</Filter>
    </ClCompile>
    <ClCompile Include="GLTFLoader.cpp">
      <Filter>Source Files\Window</Filter>
    </ClCompile>
    <ClCompile Include="Track.cpp">
      <Filter>Source Files\Animation</Filter>
    </ClCompile>
    <ClCompile Include="TransformTrack.cpp">
      <Filter>Source Files\Animation</Filter>
    </ClCompile>
    <ClCompile Include="Pose.cpp">
      <Filter>Source Files</Filter>
    </ClCompile>
  </ItemGroup>
  <ItemGroup>
    <None Include="lit.frag">
      <Filter>Header Files\Shaders</Filter>
    </None>
    <None Include="static.vert">
      <Filter>Header Files\Shaders</Filter>
    </None>
  </ItemGroup>
</Project>